<Solution>
  <Folder Name="/src/">
    <Project Path="src/Agent/Agent.csproj" />
    <Project Path="src/AgentHost/AgentHost.csproj" />
  </Folder>
  <Folder Name="/src/Infrastructure/">
    <Project Path="src/Infrastructure/AgentEnrollment/AgentEnrollment.csproj" />
    <Project Path="src/Infrastructure/AgentIngestion/AgentIngestion.csproj" />
    <Project Path="src/Infrastructure/DirectoryConnector/DirectoryConnector.csproj" />
    <Project Path="src/Infrastructure/Persistence/Persistence.csproj" />
  </Folder>
  <Folder Name="/src/Server/">
    <Project Path="src/Server/Api/Api.csproj" />
    <Project Path="src/Server/ConnectorHost/ConnectorHost.csproj" />
    <Project Path="src/Server/Core/Core.csproj" />
    <Project Path="src/Server/Provisioning/Provisioning.csproj" />
  </Folder>
  <Folder Name="/tests/">
    <Project Path="tests/AgentEnrollment/AgentEnrollment.Tests.csproj" />
    <Project Path="tests/AgentIngestion/AgentIngestion.Tests.csproj" />
    <Project Path="tests/Agent/Agent.Tests.csproj" />
    <Project Path="tests/AgentHost/AgentHost.Tests.csproj" />
    <Project Path="tests/Integration/Integration.csproj" />
    <Project Path="tests/Security/Security.csproj" />
    <Project Path="tests/Unit/Unit.csproj" />
  </Folder>
  <Folder Name="/tests/DirectoryConnector/">
    <Project Path="tests/DirectoryConnector/DirectoryConnector.Tests.csproj" />
  </Folder>
</Solution>
